{
    "name": "@lodex/common",
    "version": "16.10.2",
    "lockfileVersion": 3,
    "requires": true,
    "packages": {
        "": {
            "name": "@lodex/common",
            "version": "16.10.2",
            "dependencies": {
                "@ezs/transformers": "file:../transformers"
            },
            "devDependencies": {
                "typescript": "^5.9.3"
            }
        },
        "../transformers": {
            "version": "1.4.4",
            "license": "MIT",
            "dependencies": {
                "json-6": "1.1.4",
                "lodash": "4.17.21",
                "sprintf-js": "1.1.3"
            },
            "peerDependencies": {
                "@ezs/core": "*"
            }
        },
        "node_modules/@ezs/transformers": {
            "resolved": "../transformers",
            "link": true
        },
        "node_modules/typescript": {
            "version": "5.9.3",
            "resolved": "https://registry.npmjs.org/typescript/-/typescript-5.9.3.tgz",
            "integrity": "sha512-jl1vZzPDinLr9eUt3J/t7V6FgNEw9QjvBPdysz9KfQDD41fQrC2Y4vKQdiaUpFT4bXlb1RHhLpp8wtm6M5TgSw==",
            "dev": true,
            "license": "Apache-2.0",
            "bin": {
                "tsc": "bin/tsc",
                "tsserver": "bin/tsserver"
            },
            "engines": {
                "node": ">=14.17"
            }
        }
    }
}
