{
    "name": "@lodex/frontend-common",
    "version": "16.0.5",
    "lockfileVersion": 3,
    "requires": true,
    "packages": {
        "": {
            "name": "@lodex/frontend-common",
            "version": "16.0.5",
            "dependencies": {
                "@tanstack/react-pacer": "0.17.3"
            },
            "devDependencies": {
                "@types/node": "^24.9.1",
                "typescript": "^5.9.3"
            }
        },
        "node_modules/@tanstack/react-pacer": {
            "version": "0.17.3",
            "resolved": "https://registry.npmjs.org/@tanstack/react-pacer/-/react-pacer-0.17.3.tgz",
            "integrity": "sha512-eEJouwwjbON0jnz8lp0r1DUYTTFWEKj9tdJ6nNDCJYZpdapuoqSdLhiWSdlMBvFTCXOhR4VpVPzTxfen8nvRVw==",
            "license": "MIT",
            "dependencies": {
                "@tanstack/pacer": "0.16.3",
                "@tanstack/react-store": "^0.8.0"
            },
            "engines": {
                "node": ">=18"
            },
            "funding": {
                "type": "github",
                "url": "https://github.com/sponsors/tannerlinsley"
            },
            "peerDependencies": {
                "react": ">=16.8",
                "react-dom": ">=16.8"
            }
        },
        "node_modules/@tanstack/react-pacer/node_modules/@tanstack/pacer": {
            "version": "0.16.3",
            "resolved": "https://registry.npmjs.org/@tanstack/pacer/-/pacer-0.16.3.tgz",
            "integrity": "sha512-hJGPODkjuUEncwHsFacLY6W5E7lmEU2FMf4Mh0kuxqUx3UsuneQX6ctRpoHBLlgdb7sqDieIaslQnivG3OAZ+A==",
            "license": "MIT",
            "dependencies": {
                "@tanstack/devtools-event-client": "^0.3.5",
                "@tanstack/store": "^0.8.0"
            },
            "engines": {
                "node": ">=18"
            },
            "funding": {
                "type": "github",
                "url": "https://github.com/sponsors/tannerlinsley"
            }
        },
        "node_modules/@tanstack/react-pacer/node_modules/@tanstack/pacer/node_modules/@tanstack/devtools-event-client": {
            "version": "0.3.5",
            "resolved": "https://registry.npmjs.org/@tanstack/devtools-event-client/-/devtools-event-client-0.3.5.tgz",
            "integrity": "sha512-RL1f5ZlfZMpghrCIdzl6mLOFLTuhqmPNblZgBaeKfdtk5rfbjykurv+VfYydOFXj0vxVIoA2d/zT7xfD7Ph8fw==",
            "license": "MIT",
            "engines": {
                "node": ">=18"
            },
            "funding": {
                "type": "github",
                "url": "https://github.com/sponsors/tannerlinsley"
            }
        },
        "node_modules/@tanstack/react-pacer/node_modules/@tanstack/pacer/node_modules/@tanstack/store": {
            "version": "0.8.0",
            "resolved": "https://registry.npmjs.org/@tanstack/store/-/store-0.8.0.tgz",
            "integrity": "sha512-Om+BO0YfMZe//X2z0uLF2j+75nQga6TpTJgLJQBiq85aOyZNIhkCgleNcud2KQg4k4v9Y9l+Uhru3qWMPGTOzQ==",
            "license": "MIT",
            "funding": {
                "type": "github",
                "url": "https://github.com/sponsors/tannerlinsley"
            }
        },
        "node_modules/@tanstack/react-pacer/node_modules/@tanstack/react-store": {
            "version": "0.8.0",
            "resolved": "https://registry.npmjs.org/@tanstack/react-store/-/react-store-0.8.0.tgz",
            "integrity": "sha512-1vG9beLIuB7q69skxK9r5xiLN3ztzIPfSQSs0GfeqWGO2tGIyInZx0x1COhpx97RKaONSoAb8C3dxacWksm1ow==",
            "license": "MIT",
            "dependencies": {
                "@tanstack/store": "0.8.0",
                "use-sync-external-store": "^1.6.0"
            },
            "funding": {
                "type": "github",
                "url": "https://github.com/sponsors/tannerlinsley"
            },
            "peerDependencies": {
                "react": "^16.8.0 || ^17.0.0 || ^18.0.0 || ^19.0.0",
                "react-dom": "^16.8.0 || ^17.0.0 || ^18.0.0 || ^19.0.0"
            }
        },
        "node_modules/@tanstack/react-pacer/node_modules/@tanstack/react-store/node_modules/@tanstack/store": {
            "version": "0.8.0",
            "resolved": "https://registry.npmjs.org/@tanstack/store/-/store-0.8.0.tgz",
            "integrity": "sha512-Om+BO0YfMZe//X2z0uLF2j+75nQga6TpTJgLJQBiq85aOyZNIhkCgleNcud2KQg4k4v9Y9l+Uhru3qWMPGTOzQ==",
            "license": "MIT",
            "funding": {
                "type": "github",
                "url": "https://github.com/sponsors/tannerlinsley"
            }
        },
        "node_modules/@tanstack/react-pacer/node_modules/@tanstack/react-store/node_modules/use-sync-external-store": {
            "version": "1.6.0",
            "resolved": "https://registry.npmjs.org/use-sync-external-store/-/use-sync-external-store-1.6.0.tgz",
            "integrity": "sha512-Pp6GSwGP/NrPIrxVFAIkOQeyw8lFenOHijQWkUTrDvrF4ALqylP2C/KCkeS9dpUM3KvYRQhna5vt7IL95+ZQ9w==",
            "license": "MIT",
            "peerDependencies": {
                "react": "^16.8.0 || ^17.0.0 || ^18.0.0 || ^19.0.0"
            }
        },
        "node_modules/@types/node": {
            "version": "24.9.2",
            "resolved": "https://registry.npmjs.org/@types/node/-/node-24.9.2.tgz",
            "integrity": "sha512-uWN8YqxXxqFMX2RqGOrumsKeti4LlmIMIyV0lgut4jx7KQBcBiW6vkDtIBvHnHIquwNfJhk8v2OtmO8zXWHfPA==",
            "dev": true,
            "license": "MIT",
            "dependencies": {
                "undici-types": "~7.16.0"
            }
        },
        "node_modules/@types/node/node_modules/undici-types": {
            "version": "7.16.0",
            "resolved": "https://registry.npmjs.org/undici-types/-/undici-types-7.16.0.tgz",
            "integrity": "sha512-Zz+aZWSj8LE6zoxD+xrjh4VfkIG8Ya6LvYkZqtUQGJPZjYl53ypCaUwWqo7eI0x66KBGeRo+mlBEkMSeSZ38Nw==",
            "dev": true,
            "license": "MIT"
        },
        "node_modules/typescript": {
            "version": "5.9.3",
            "resolved": "https://registry.npmjs.org/typescript/-/typescript-5.9.3.tgz",
            "integrity": "sha512-jl1vZzPDinLr9eUt3J/t7V6FgNEw9QjvBPdysz9KfQDD41fQrC2Y4vKQdiaUpFT4bXlb1RHhLpp8wtm6M5TgSw==",
            "dev": true,
            "license": "Apache-2.0",
            "bin": {
                "tsc": "bin/tsc",
                "tsserver": "bin/tsserver"
            },
            "engines": {
                "node": ">=14.17"
            }
        }
    }
}
